// !$*UTF8*$!
{
	archiveVersion = 1;
	classes = {
	};
	objectVersion = 46;
	objects = {

/* Begin PBXBuildFile section */
		C27777F91CD1F2DF00A72A9E /* AppDelegate.swift in Sources */ = {isa = PBXBuildFile; fileRef = C27777F81CD1F2DF00A72A9E /* AppDelegate.swift */; };
		C27777FB1CD1F2DF00A72A9E /* ViewController.swift in Sources */ = {isa = PBXBuildFile; fileRef = C27777FA1CD1F2DF00A72A9E /* ViewController.swift */; };
		C27777FE1CD1F2DF00A72A9E /* Main.storyboard in Resources */ = {isa = PBXBuildFile; fileRef = C27777FC1CD1F2DF00A72A9E /* Main.storyboard */; };
		C27778001CD1F2DF00A72A9E /* Assets.xcassets in Resources */ = {isa = PBXBuildFile; fileRef = C27777FF1CD1F2DF00A72A9E /* Assets.xcassets */; };
		C27778031CD1F2DF00A72A9E /* LaunchScreen.storyboard in Resources */ = {isa = PBXBuildFile; fileRef = C27778011CD1F2DF00A72A9E /* LaunchScreen.storyboard */; };
/* End PBXBuildFile section */

/* Begin PBXFileReference section */
		C27777F51CD1F2DF00A72A9E /* JustCool.app */ = {isa = PBXFileReference; explicitFileType = wrapper.application; includeInIndex = 0; path = JustCool.app; sourceTree = BUILT_PRODUCTS_DIR; };
		C27777F81CD1F2DF00A72A9E /* AppDelegate.swift */ = {isa = PBXFileReference; lastKnownFileType = sourcecode.swift; path = AppDelegate.swift; sourceTree = "<group>"; };
		C27777FA1CD1F2DF00A72A9E /* ViewController.swift */ = {isa = PBXFileReference; lastKnownFileType = sourcecode.swift; path = ViewController.swift; sourceTree = "<group>"; };
		C27777FD1CD1F2DF00A72A9E /* Base */ = {isa = PBXFileReference; lastKnownFileType = file.storyboard; name = Base; path = Base.lproj/Main.storyboard; sourceTree = "<group>"; };
		C27777FF1CD1F2DF00A72A9E /* Assets.xcassets */ = {isa = PBXFileReference; lastKnownFileType = folder.assetcatalog; path = Assets.xcassets; sourceTree = "<group>"; };
		C27778021CD1F2DF00A72A9E /* Base */ = {isa = PBXFileReference; lastKnownFileType = file.storyboard; name = Base; path = Base.lproj/LaunchScreen.storyboard; sourceTree = "<group>"; };
		C27778041CD1F2DF00A72A9E /* Info.plist */ = {isa = PBXFileReference; lastKnownFileType = text.plist.xml; path = Info.plist; sourceTree = "<group>"; };
/* End PBXFileReference section */

/* Begin PBXFrameworksBuildPhase section */
		C27777F21CD1F2DF00A72A9E /* Frameworks */ = {
			isa = PBXFrameworksBuildPhase;
			buildActionMask = 2147483647;
			files = (
			);
			runOnlyForDeploymentPostprocessing = 0;
		};
/* End PBXFrameworksBuildPhase section */

/* Begin PBXGroup section */
		C27777EC1CD1F2DF00A72A9E = {
			isa = PBXGroup;
			children = (
				C27777F71CD1F2DF00A72A9E /* JustCool */,
				C27777F61CD1F2DF00A72A9E /* Products */,
			);
			sourceTree = "<group>";
		};
		C27777F61CD1F2DF00A72A9E /* Products */ = {
			isa = PBXGroup;
			children = (
				C27777F51CD1F2DF00A72A9E /* JustCool.app */,
			);
			name = Products;
			sourceTree = "<group>";
		};
		C27777F71CD1F2DF00A72A9E /* JustCool */ = {
			isa = PBXGroup;
			children = (
				C27777F81CD1F2DF00A72A9E /* AppDelegate.swift */,
				C27777FA1CD1F2DF00A72A9E /* ViewController.swift */,
				C27777FC1CD1F2DF00A72A9E /* Main.storyboard */,
				C27777FF1CD1F2DF00A72A9E /* Assets.xcassets */,
				C27778011CD1F2DF00A72A9E /* LaunchScreen.storyboard */,
				C27778041CD1F2DF00A72A9E /* Info.plist */,
			);
			path = JustCool;
			sourceTree = "<group>";
		};
/* End PBXGroup section */

/* Begin PBXNativeTarget section */
		C27777F41CD1F2DF00A72A9E /* JustCool */ = {
			isa = PBXNativeTarget;
			buildConfigurationList = C27778071CD1F2DF00A72A9E /* Build configuration list for PBXNativeTarget "JustCool" */;
			buildPhases = (
				C27777F11CD1F2DF00A72A9E /* Sources */,
				C27777F21CD1F2DF00A72A9E /* Frameworks */,
				C27777F31CD1F2DF00A72A9E /* Resources */,
			);
			buildRules = (
			);
			dependencies = (
			);
			name = JustCool;
			productName = JustCool;
			productReference = C27777F51CD1F2DF00A72A9E /* JustCool.app */;
			productType = "com.apple.product-type.application";
		};
/* End PBXNativeTarget section */

/* Begin PBXProject section */
		C27777ED1CD1F2DF00A72A9E /* Project object */ = {
			isa = PBXProject;
			attributes = {
				LastSwiftUpdateCheck = 0730;
				LastUpgradeCheck = 0730;
				ORGANIZATIONNAME = "Aristotle Som";
				TargetAttributes = {
					C27777F41CD1F2DF00A72A9E = {
						CreatedOnToolsVersion = 7.3;
					};
				};
			};
			buildConfigurationList = C27777F01CD1F2DF00A72A9E /* Build configuration list for PBXProject "JustCool" */;
			compatibilityVersion = "Xcode 3.2";
			developmentRegion = English;
			hasScannedForEncodings = 0;
			knownRegions = (
				en,
				Base,
			);
			mainGroup = C27777EC1CD1F2DF00A72A9E;
			productRefGroup = C27777F61CD1F2DF00A72A9E /* Products */;
			projectDirPath = "";
			projectRoot = "";
			targets = (
				C27777F41CD1F2DF00A72A9E /* JustCool */,
			);
		};
/* End PBXProject section */

/* Begin PBXResourcesBuildPhase section */
		C27777F31CD1F2DF00A72A9E /* Resources */ = {
			isa = PBXResourcesBuildPhase;
			buildActionMask = 2147483647;
			files = (
				C27778031CD1F2DF00A72A9E /* LaunchScreen.storyboard in Resources */,
				C27778001CD1F2DF00A72A9E /* Assets.xcassets in Resources */,
				C27777FE1CD1F2DF00A72A9E /* Main.storyboard in Resources */,
			);
			runOnlyForDeploymentPostprocessing = 0;
		};
/* End PBXResourcesBuildPhase section */

/* Begin PBXSourcesBuildPhase section */
		C27777F11CD1F2DF00A72A9E /* Sources */ = {
			isa = PBXSourcesBuildPhase;
			buildActionMask = 2147483647;
			files = (
				C27777FB1CD1F2DF00A72A9E /* ViewController.swift in Sources */,
				C27777F91CD1F2DF00A72A9E /* AppDelegate.swift in Sources */,
			);
			runOnlyForDeploymentPostprocessing = 0;
		};
/* End PBXSourcesBuildPhase section */

/* Begin PBXVariantGroup section */
		C27777FC1CD1F2DF00A72A9E /* Main.storyboard */ = {
			isa = PBXVariantGroup;
			children = (
				C27777FD1CD1F2DF00A72A9E /* Base */,
			);
			name = Main.storyboard;
			sourceTree = "<group>";
		};
		C27778011CD1F2DF00A72A9E /* LaunchScreen.storyboard */ = {
			isa = PBXVariantGroup;
			children = (
				C27778021CD1F2DF00A72A9E /* Base */,
			);
			name = LaunchScreen.storyboard;
			sourceTree = "<group>";
		};
/* End PBXVariantGroup section */

/* Begin XCBuildConfiguration section */
		C27778051CD1F2DF00A72A9E /* Debug */ = {
			isa = XCBuildConfiguration;
			buildSettings = {
				ALWAYS_SEARCH_USER_PATHS = NO;
				CLANG_ANALYZER_NONNULL = YES;
				CLANG_CXX_LANGUAGE_STANDARD = "gnu++0x";
				CLANG_CXX_LIBRARY = "libc++";
				CLANG_ENABLE_MODULES = YES;
				CLANG_ENABLE_OBJC_ARC = YES;
				CLANG_WARN_BOOL_CONVERSION = YES;
				CLANG_WARN_CONSTANT_CONVERSION = YES;
				CLANG_WARN_DIRECT_OBJC_ISA_USAGE = YES_ERROR;
				CLANG_WARN_EMPTY_BODY = YES;
				CLANG_WARN_ENUM_CONVERSION = YES;
				CLANG_WARN_INT_CONVERSION = YES;
				CLANG_WARN_OBJC_ROOT_CLASS = YES_ERROR;
				CLANG_WARN_UNREACHABLE_CODE = YES;
				CLANG_WARN__DUPLICATE_METHOD_MATCH = YES;
				"CODE_SIGN_IDENTITY[sdk=iphoneos*]" = "iPhone Developer";
				COPY_PHASE_STRIP = NO;
				DEBUG_INFORMATION_FORMAT = dwarf;
				ENABLE_STRICT_OBJC_MSGSEND = YES;
				ENABLE_TESTABILITY = YES;
				GCC_C_LANGUAGE_STANDARD = gnu99;
				GCC_DYNAMIC_NO_PIC = NO;
				GCC_NO_COMMON_BLOCKS = YES;
				GCC_OPTIMIZATION_LEVEL = 0;
				GCC_PREPROCESSOR_DEFINITIONS = (
					"DEBUG=1",
					"$(inherited)",
				);
				GCC_WARN_64_TO_32_BIT_CONVERSION = YES;
				GCC_WARN_ABOUT_RETURN_TYPE = YES_ERROR;
				GCC_WARN_UNDECLARED_SELECTOR = YES;
				GCC_WARN_UNINITIALIZED_AUTOS = YES_AGGRESSIVE;
				GCC_WARN_UNUSED_FUNCTION = YES;
				GCC_WARN_UNUSED_VARIABLE = YES;
				IPHONEOS_DEPLOYMENT_TARGET = 9.3;
				MTL_ENABLE_DEBUG_INFO = YES;
				ONLY_ACTIVE_ARCH = YES;
				SDKROOT = iphoneos;
				SWIFT_OPTIMIZATION_LEVEL = "-Onone";
			};
			name = Debug;
		};
		C27778061CD1F2DF00A72A9E /* Release */ = {
			isa = XCBuildConfiguration;
			buildSettings = {
				ALWAYS_SEARCH_USER_PATHS = NO;
				CLANG_ANALYZER_NONNULL = YES;
				CLANG_CXX_LANGUAGE_STANDARD = "gnu++0x";
				CLANG_CXX_LIBRARY = "libc++";
				CLANG_ENABLE_MODULES = YES;
				CLANG_ENABLE_OBJC_ARC = YES;
				CLANG_WARN_BOOL_CONVERSION = YES;
				CLANG_WARN_CONSTANT_CONVERSION = YES;
				CLANG_WARN_DIRECT_OBJC_ISA_USAGE = YES_ERROR;
				CLANG_WARN_EMPTY_BODY = YES;
				CLANG_WARN_ENUM_CONVERSION = YES;
				CLANG_WARN_INT_CONVERSION = YES;
				CLANG_WARN_OBJC_ROOT_CLASS = YES_ERROR;
				CLANG_WARN_UNREACHABLE_CODE = YES;
				CLANG_WARN__DUPLICATE_METHOD_MATCH = YES;
				"CODE_SIGN_IDENTITY[sdk=iphoneos*]" = "iPhone Developer";
				COPY_PHASE_STRIP = NO;
				DEBUG_INFORMATION_FORMAT = "dwarf-with-dsym";
				ENABLE_NS_ASSERTIONS = NO;
				ENABLE_STRICT_OBJC_MSGSEND = YES;
				GCC_C_LANGUAGE_STANDARD = gnu99;
				GCC_NO_COMMON_BLOCKS = YES;
				GCC_WARN_64_TO_32_BIT_CONVERSION = YES;
				GCC_WARN_ABOUT_RETURN_TYPE = YES_ERROR;
				GCC_WARN_UNDECLARED_SELECTOR = YES;
				GCC_WARN_UNINITIALIZED_AUTOS = YES_AGGRESSIVE;
				GCC_WARN_UNUSED_FUNCTION = YES;
				GCC_WARN_UNUSED_VARIABLE = YES;
				IPHONEOS_DEPLOYMENT_TARGET = 9.3;
				MTL_ENABLE_DEBUG_INFO = NO;
				SDKROOT = iphoneos;
				VALIDATE_PRODUCT = YES;
			};
			name = Release;
		};
		C27778081CD1F2DF00A72A9E /* Debug */ = {
			isa = XCBuildConfiguration;
			buildSettings = {
				ASSETCATALOG_COMPILER_APPICON_NAME = AppIcon;
				INFOPLIST_FILE = JustCool/Info.plist;
				LD_RUNPATH_SEARCH_PATHS = "$(inherited) @executable_path/Frameworks";
				PRODUCT_BUNDLE_IDENTIFIER = com.devslopes.JustCool;
				PRODUCT_NAME = "$(TARGET_NAME)";
			};
			name = Debug;
		};
		C27778091CD1F2DF00A72A9E /* Release */ = {
			isa = XCBuildConfiguration;
			buildSettings = {
				ASSETCATALOG_COMPILER_APPICON_NAME = AppIcon;
				INFOPLIST_FILE = JustCool/Info.plist;
				LD_RUNPATH_SEARCH_PATHS = "$(inherited) @executable_path/Frameworks";
				PRODUCT_BUNDLE_IDENTIFIER = com.devslopes.JustCool;
				PRODUCT_NAME = "$(TARGET_NAME)";
			};
			name = Release;
		};
/* End XCBuildConfiguration section */

/* Begin XCConfigurationList section */
		C27777F01CD1F2DF00A72A9E /* Build configuration list for PBXProject "JustCool" */ = {
			isa = XCConfigurationList;
			buildConfigurations = (
				C27778051CD1F2DF00A72A9E /* Debug */,
				C27778061CD1F2DF00A72A9E /* Release */,
			);
			defaultConfigurationIsVisible = 0;
			defaultConfigurationName = Release;
		};
		C27778071CD1F2DF00A72A9E /* Build configuration list for PBXNativeTarget "JustCool" */ = {
			isa = XCConfigurationList;
			buildConfigurations = (
				C27778081CD1F2DF00A72A9E /* Debug */,
				C27778091CD1F2DF00A72A9E /* Release */,
			);
			defaultConfigurationIsVisible = 0;
		};
/* End XCConfigurationList section */
	};
	rootObject = C27777ED1CD1F2DF00A72A9E /* Project object */;
}
